
Microsoft Visual Studio Solution File, Format Version 12.00
# Visual Studio Version 17
VisualStudioVersion = 17.9.34616.47
MinimumVisualStudioVersion = 10.0.40219.1
Project("{FAE04EC0-301F-11D3-BF4B-00C04F79EFBC}") = "CalcClient", "CalcClient.csproj", "{04D99B58-F72E-402C-964A-E42E5830D6E5}"
EndProject
Global
	GlobalSection(SolutionConfigurationPlatforms) = preSolution
		Debug|Any CPU = Debug|Any CPU
		Release|Any CPU = Release|Any CPU
	EndGlobalSection
	GlobalSection(ProjectConfigurationPlatforms) = postSolution
		{04D99B58-F72E-402C-964A-E42E5830D6E5}.Debug|Any CPU.ActiveCfg = Debug|Any CPU
		{04D99B58-F72E-402C-964A-E42E5830D6E5}.Debug|Any CPU.Build.0 = Debug|Any CPU
		{04D99B58-F72E-402C-964A-E42E5830D6E5}.Release|Any CPU.ActiveCfg = Release|Any CPU
		{04D99B58-F72E-402C-964A-E42E5830D6E5}.Release|Any CPU.Build.0 = Release|Any CPU
	EndGlobalSection
	GlobalSection(SolutionProperties) = preSolution
		HideSolutionNode = FALSE
	EndGlobalSection
	GlobalSection(ExtensibilityGlobals) = postSolution
		SolutionGuid = {A23DA49F-7C01-450C-BCAA-560067DD8244}
	EndGlobalSection
EndGlobal
